
Microsoft Visual Studio Solution File, Format Version 12.00
Project("{FAE04EC0-301F-11D3-BF4B-00C04F79EFBC}") = "RadixRouter", "RadixRouter\RadixRouter.csproj", "{3588CA7B-11B2-42A8-A594-2D7492123242}"
EndProject
Project("{FAE04EC0-301F-11D3-BF4B-00C04F79EFBC}") = "RadixRouter.Tests", "RadixRouter.Tests\RadixRouter.Tests.csproj", "{9E35558F-173B-4D3E-AAEB-7797FF637D71}"
EndProject
Project("{FAE04EC0-301F-11D3-BF4B-00C04F79EFBC}") = "RadixRouter.Demo", "RadixRouter.Demo\RadixRouter.Demo.csproj", "{A4EF2A3D-B0EB-4FC2-80E2-A5C657E6124E}"
EndProject
Project("{FAE04EC0-301F-11D3-BF4B-00C04F79EFBC}") = "RadixRouter.SourceGenerator", "RadixRouter.SourceGenerator\RadixRouter.SourceGenerator.csproj", "{78C72EE6-ACEA-458D-814C-921580ABC80D}"
EndProject
Project("{FAE04EC0-301F-11D3-BF4B-00C04F79EFBC}") = "RadixRouter.Shared", "RadixRouter.Shared\RadixRouter.Shared.csproj", "{AE2D2471-F45D-4B22-A40D-A9BBF1615498}"
EndProject
Project("{FAE04EC0-301F-11D3-BF4B-00C04F79EFBC}") = "SourceGeneratorHelpers", "SourceGeneratorHelpers\SourceGeneratorHelpers.csproj", "{6444C648-D70B-4DE6-AE63-D5BEC5FE63E2}"
EndProject
Project("{FAE04EC0-301F-11D3-BF4B-00C04F79EFBC}") = "RadixRouter.Analyzer", "RadixRouter.Analyzer\RadixRouter.Analyzer.csproj", "{6D4105F6-E4F6-4AB6-BDE7-D75F8C677A9B}"
EndProject
Project("{FAE04EC0-301F-11D3-BF4B-00C04F79EFBC}") = "RadixRouter.CodeFix", "RadixRouter.CodeFix\RadixRouter.CodeFix.csproj", "{CC0AC587-5BF6-4EDD-A99A-6909AE4908A8}"
EndProject
Global
	GlobalSection(SolutionConfigurationPlatforms) = preSolution
		Debug|Any CPU = Debug|Any CPU
		Release|Any CPU = Release|Any CPU
	EndGlobalSection
	GlobalSection(ProjectConfigurationPlatforms) = postSolution
		{3588CA7B-11B2-42A8-A594-2D7492123242}.Debug|Any CPU.ActiveCfg = Debug|Any CPU
		{3588CA7B-11B2-42A8-A594-2D7492123242}.Debug|Any CPU.Build.0 = Debug|Any CPU
		{3588CA7B-11B2-42A8-A594-2D7492123242}.Release|Any CPU.ActiveCfg = Release|Any CPU
		{3588CA7B-11B2-42A8-A594-2D7492123242}.Release|Any CPU.Build.0 = Release|Any CPU
		{9E35558F-173B-4D3E-AAEB-7797FF637D71}.Debug|Any CPU.ActiveCfg = Debug|Any CPU
		{9E35558F-173B-4D3E-AAEB-7797FF637D71}.Debug|Any CPU.Build.0 = Debug|Any CPU
		{9E35558F-173B-4D3E-AAEB-7797FF637D71}.Release|Any CPU.ActiveCfg = Release|Any CPU
		{9E35558F-173B-4D3E-AAEB-7797FF637D71}.Release|Any CPU.Build.0 = Release|Any CPU
		{A4EF2A3D-B0EB-4FC2-80E2-A5C657E6124E}.Debug|Any CPU.ActiveCfg = Debug|Any CPU
		{A4EF2A3D-B0EB-4FC2-80E2-A5C657E6124E}.Debug|Any CPU.Build.0 = Debug|Any CPU
		{A4EF2A3D-B0EB-4FC2-80E2-A5C657E6124E}.Release|Any CPU.ActiveCfg = Release|Any CPU
		{A4EF2A3D-B0EB-4FC2-80E2-A5C657E6124E}.Release|Any CPU.Build.0 = Release|Any CPU
		{78C72EE6-ACEA-458D-814C-921580ABC80D}.Debug|Any CPU.ActiveCfg = Debug|Any CPU
		{78C72EE6-ACEA-458D-814C-921580ABC80D}.Debug|Any CPU.Build.0 = Debug|Any CPU
		{78C72EE6-ACEA-458D-814C-921580ABC80D}.Release|Any CPU.ActiveCfg = Release|Any CPU
		{78C72EE6-ACEA-458D-814C-921580ABC80D}.Release|Any CPU.Build.0 = Release|Any CPU
		{AE2D2471-F45D-4B22-A40D-A9BBF1615498}.Debug|Any CPU.ActiveCfg = Debug|Any CPU
		{AE2D2471-F45D-4B22-A40D-A9BBF1615498}.Debug|Any CPU.Build.0 = Debug|Any CPU
		{AE2D2471-F45D-4B22-A40D-A9BBF1615498}.Release|Any CPU.ActiveCfg = Release|Any CPU
		{AE2D2471-F45D-4B22-A40D-A9BBF1615498}.Release|Any CPU.Build.0 = Release|Any CPU
		{6444C648-D70B-4DE6-AE63-D5BEC5FE63E2}.Debug|Any CPU.ActiveCfg = Debug|Any CPU
		{6444C648-D70B-4DE6-AE63-D5BEC5FE63E2}.Debug|Any CPU.Build.0 = Debug|Any CPU
		{6444C648-D70B-4DE6-AE63-D5BEC5FE63E2}.Release|Any CPU.ActiveCfg = Release|Any CPU
		{6444C648-D70B-4DE6-AE63-D5BEC5FE63E2}.Release|Any CPU.Build.0 = Release|Any CPU
		{6D4105F6-E4F6-4AB6-BDE7-D75F8C677A9B}.Debug|Any CPU.ActiveCfg = Debug|Any CPU
		{6D4105F6-E4F6-4AB6-BDE7-D75F8C677A9B}.Debug|Any CPU.Build.0 = Debug|Any CPU
		{6D4105F6-E4F6-4AB6-BDE7-D75F8C677A9B}.Release|Any CPU.ActiveCfg = Release|Any CPU
		{6D4105F6-E4F6-4AB6-BDE7-D75F8C677A9B}.Release|Any CPU.Build.0 = Release|Any CPU
		{CC0AC587-5BF6-4EDD-A99A-6909AE4908A8}.Debug|Any CPU.ActiveCfg = Debug|Any CPU
		{CC0AC587-5BF6-4EDD-A99A-6909AE4908A8}.Debug|Any CPU.Build.0 = Debug|Any CPU
		{CC0AC587-5BF6-4EDD-A99A-6909AE4908A8}.Release|Any CPU.ActiveCfg = Release|Any CPU
		{CC0AC587-5BF6-4EDD-A99A-6909AE4908A8}.Release|Any CPU.Build.0 = Release|Any CPU
	EndGlobalSection
EndGlobal
